
Microsoft Visual Studio Solution File, Format Version 12.00
# Visual Studio 15
VisualStudioVersion = 15.0.28307.329
MinimumVisualStudioVersion = 10.0.40219.1
Project("{FAE04EC0-301F-11D3-BF4B-00C04F79EFBC}") = "EmployeeCoreWebAPI", "EmployeeCoreWebAPI\EmployeeCoreWebAPI.csproj", "{6C7A07CC-6150-4213-94C1-AF63B2D7F872}"
EndProject
Global
	GlobalSection(SolutionConfigurationPlatforms) = preSolution
		Debug|Any CPU = Debug|Any CPU
		Release|Any CPU = Release|Any CPU
	EndGlobalSection
	GlobalSection(ProjectConfigurationPlatforms) = postSolution
		{6C7A07CC-6150-4213-94C1-AF63B2D7F872}.Debug|Any CPU.ActiveCfg = Debug|Any CPU
		{6C7A07CC-6150-4213-94C1-AF63B2D7F872}.Debug|Any CPU.Build.0 = Debug|Any CPU
		{6C7A07CC-6150-4213-94C1-AF63B2D7F872}.Release|Any CPU.ActiveCfg = Release|Any CPU
		{6C7A07CC-6150-4213-94C1-AF63B2D7F872}.Release|Any CPU.Build.0 = Release|Any CPU
	EndGlobalSection
	GlobalSection(SolutionProperties) = preSolution
		HideSolutionNode = FALSE
	EndGlobalSection
	GlobalSection(ExtensibilityGlobals) = postSolution
		SolutionGuid = {3EB3F289-9965-40C4-B9DF-98A89FDEC2D7}
	EndGlobalSection
EndGlobal
